
Microsoft Visual Studio Solution File, Format Version 12.00
# Visual Studio Version 16
VisualStudioVersion = 16.0.30114.105
MinimumVisualStudioVersion = 10.0.40219.1
Project("{2150E333-8FDC-42A3-9474-1A3956D46DE8}") = "src", "src", "{2CBA1F13-5213-4A23-8619-6003572B6D77}"
EndProject
Project("{FAE04EC0-301F-11D3-BF4B-00C04F79EFBC}") = "Console", "src\Console\Console.csproj", "{3E4AC0F0-FFA1-45A1-A9E4-6F35E943D722}"
EndProject
Project("{FAE04EC0-301F-11D3-BF4B-00C04F79EFBC}") = "App", "src\App\App.csproj", "{FAC6B877-B2BF-4D83-8D8A-8E2D156386B2}"
EndProject
Project("{FAE04EC0-301F-11D3-BF4B-00C04F79EFBC}") = "Data", "src\Data\Data.csproj", "{7286CBC0-236A-4B23-8CAD-35D35A1977CE}"
EndProject
Project("{FAE04EC0-301F-11D3-BF4B-00C04F79EFBC}") = "Models", "src\Models\Models.csproj", "{EC0E33DE-59D5-4AA5-AACE-2148D7EBAE5B}"
EndProject
Global
	GlobalSection(SolutionConfigurationPlatforms) = preSolution
		Debug|Any CPU = Debug|Any CPU
		Release|Any CPU = Release|Any CPU
	EndGlobalSection
	GlobalSection(SolutionProperties) = preSolution
		HideSolutionNode = FALSE
	EndGlobalSection
	GlobalSection(ProjectConfigurationPlatforms) = postSolution
		{3E4AC0F0-FFA1-45A1-A9E4-6F35E943D722}.Debug|Any CPU.ActiveCfg = Debug|Any CPU
		{3E4AC0F0-FFA1-45A1-A9E4-6F35E943D722}.Debug|Any CPU.Build.0 = Debug|Any CPU
		{3E4AC0F0-FFA1-45A1-A9E4-6F35E943D722}.Release|Any CPU.ActiveCfg = Release|Any CPU
		{3E4AC0F0-FFA1-45A1-A9E4-6F35E943D722}.Release|Any CPU.Build.0 = Release|Any CPU
		{FAC6B877-B2BF-4D83-8D8A-8E2D156386B2}.Debug|Any CPU.ActiveCfg = Debug|Any CPU
		{FAC6B877-B2BF-4D83-8D8A-8E2D156386B2}.Debug|Any CPU.Build.0 = Debug|Any CPU
		{FAC6B877-B2BF-4D83-8D8A-8E2D156386B2}.Release|Any CPU.ActiveCfg = Release|Any CPU
		{FAC6B877-B2BF-4D83-8D8A-8E2D156386B2}.Release|Any CPU.Build.0 = Release|Any CPU
		{7286CBC0-236A-4B23-8CAD-35D35A1977CE}.Debug|Any CPU.ActiveCfg = Debug|Any CPU
		{7286CBC0-236A-4B23-8CAD-35D35A1977CE}.Debug|Any CPU.Build.0 = Debug|Any CPU
		{7286CBC0-236A-4B23-8CAD-35D35A1977CE}.Release|Any CPU.ActiveCfg = Release|Any CPU
		{7286CBC0-236A-4B23-8CAD-35D35A1977CE}.Release|Any CPU.Build.0 = Release|Any CPU
		{EC0E33DE-59D5-4AA5-AACE-2148D7EBAE5B}.Debug|Any CPU.ActiveCfg = Debug|Any CPU
		{EC0E33DE-59D5-4AA5-AACE-2148D7EBAE5B}.Debug|Any CPU.Build.0 = Debug|Any CPU
		{EC0E33DE-59D5-4AA5-AACE-2148D7EBAE5B}.Release|Any CPU.ActiveCfg = Release|Any CPU
		{EC0E33DE-59D5-4AA5-AACE-2148D7EBAE5B}.Release|Any CPU.Build.0 = Release|Any CPU
	EndGlobalSection
	GlobalSection(NestedProjects) = preSolution
		{3E4AC0F0-FFA1-45A1-A9E4-6F35E943D722} = {2CBA1F13-5213-4A23-8619-6003572B6D77}
		{FAC6B877-B2BF-4D83-8D8A-8E2D156386B2} = {2CBA1F13-5213-4A23-8619-6003572B6D77}
		{7286CBC0-236A-4B23-8CAD-35D35A1977CE} = {2CBA1F13-5213-4A23-8619-6003572B6D77}
		{EC0E33DE-59D5-4AA5-AACE-2148D7EBAE5B} = {2CBA1F13-5213-4A23-8619-6003572B6D77}
	EndGlobalSection
EndGlobal
